
Microsoft Visual Studio Solution File, Format Version 12.00
# Visual Studio Version 16
VisualStudioVersion = 16.0.29102.190
MinimumVisualStudioVersion = 15.0.26124.0
Project("{9A19103F-16F7-4668-BE54-9A1E7A4F7556}") = "dotnetTDDApi", "dotnetTDDApi\dotnetTDDApi.csproj", "{AFC50E45-A8FC-4AA2-8831-6FC064C90ED5}"
EndProject
Project("{9A19103F-16F7-4668-BE54-9A1E7A4F7556}") = "dotnetTDDTest", "dotnetTDDTest\dotnetTDDTest.csproj", "{65388826-576C-49DF-8895-BC86578D45B0}"
EndProject
Project("{9A19103F-16F7-4668-BE54-9A1E7A4F7556}") = "dotnetBDD", "dotnetBDD\dotnetBDD.csproj", "{7279C42E-F5CB-4833-82DB-0C414499FB4A}"
EndProject
Global
	GlobalSection(SolutionConfigurationPlatforms) = preSolution
		Debug|Any CPU = Debug|Any CPU
		Debug|x64 = Debug|x64
		Debug|x86 = Debug|x86
		Release|Any CPU = Release|Any CPU
		Release|x64 = Release|x64
		Release|x86 = Release|x86
	EndGlobalSection
	GlobalSection(ProjectConfigurationPlatforms) = postSolution
		{AFC50E45-A8FC-4AA2-8831-6FC064C90ED5}.Debug|Any CPU.ActiveCfg = Debug|Any CPU
		{AFC50E45-A8FC-4AA2-8831-6FC064C90ED5}.Debug|Any CPU.Build.0 = Debug|Any CPU
		{AFC50E45-A8FC-4AA2-8831-6FC064C90ED5}.Debug|x64.ActiveCfg = Debug|Any CPU
		{AFC50E45-A8FC-4AA2-8831-6FC064C90ED5}.Debug|x64.Build.0 = Debug|Any CPU
		{AFC50E45-A8FC-4AA2-8831-6FC064C90ED5}.Debug|x86.ActiveCfg = Debug|Any CPU
		{AFC50E45-A8FC-4AA2-8831-6FC064C90ED5}.Debug|x86.Build.0 = Debug|Any CPU
		{AFC50E45-A8FC-4AA2-8831-6FC064C90ED5}.Release|Any CPU.ActiveCfg = Release|Any CPU
		{AFC50E45-A8FC-4AA2-8831-6FC064C90ED5}.Release|Any CPU.Build.0 = Release|Any CPU
		{AFC50E45-A8FC-4AA2-8831-6FC064C90ED5}.Release|x64.ActiveCfg = Release|Any CPU
		{AFC50E45-A8FC-4AA2-8831-6FC064C90ED5}.Release|x64.Build.0 = Release|Any CPU
		{AFC50E45-A8FC-4AA2-8831-6FC064C90ED5}.Release|x86.ActiveCfg = Release|Any CPU
		{AFC50E45-A8FC-4AA2-8831-6FC064C90ED5}.Release|x86.Build.0 = Release|Any CPU
		{65388826-576C-49DF-8895-BC86578D45B0}.Debug|Any CPU.ActiveCfg = Debug|Any CPU
		{65388826-576C-49DF-8895-BC86578D45B0}.Debug|Any CPU.Build.0 = Debug|Any CPU
		{65388826-576C-49DF-8895-BC86578D45B0}.Debug|x64.ActiveCfg = Debug|Any CPU
		{65388826-576C-49DF-8895-BC86578D45B0}.Debug|x64.Build.0 = Debug|Any CPU
		{65388826-576C-49DF-8895-BC86578D45B0}.Debug|x86.ActiveCfg = Debug|Any CPU
		{65388826-576C-49DF-8895-BC86578D45B0}.Debug|x86.Build.0 = Debug|Any CPU
		{65388826-576C-49DF-8895-BC86578D45B0}.Release|Any CPU.ActiveCfg = Release|Any CPU
		{65388826-576C-49DF-8895-BC86578D45B0}.Release|Any CPU.Build.0 = Release|Any CPU
		{65388826-576C-49DF-8895-BC86578D45B0}.Release|x64.ActiveCfg = Release|Any CPU
		{65388826-576C-49DF-8895-BC86578D45B0}.Release|x64.Build.0 = Release|Any CPU
		{65388826-576C-49DF-8895-BC86578D45B0}.Release|x86.ActiveCfg = Release|Any CPU
		{65388826-576C-49DF-8895-BC86578D45B0}.Release|x86.Build.0 = Release|Any CPU
		{7279C42E-F5CB-4833-82DB-0C414499FB4A}.Debug|Any CPU.ActiveCfg = Debug|Any CPU
		{7279C42E-F5CB-4833-82DB-0C414499FB4A}.Debug|Any CPU.Build.0 = Debug|Any CPU
		{7279C42E-F5CB-4833-82DB-0C414499FB4A}.Debug|x64.ActiveCfg = Debug|Any CPU
		{7279C42E-F5CB-4833-82DB-0C414499FB4A}.Debug|x64.Build.0 = Debug|Any CPU
		{7279C42E-F5CB-4833-82DB-0C414499FB4A}.Debug|x86.ActiveCfg = Debug|Any CPU
		{7279C42E-F5CB-4833-82DB-0C414499FB4A}.Debug|x86.Build.0 = Debug|Any CPU
		{7279C42E-F5CB-4833-82DB-0C414499FB4A}.Release|Any CPU.ActiveCfg = Release|Any CPU
		{7279C42E-F5CB-4833-82DB-0C414499FB4A}.Release|Any CPU.Build.0 = Release|Any CPU
		{7279C42E-F5CB-4833-82DB-0C414499FB4A}.Release|x64.ActiveCfg = Release|Any CPU
		{7279C42E-F5CB-4833-82DB-0C414499FB4A}.Release|x64.Build.0 = Release|Any CPU
		{7279C42E-F5CB-4833-82DB-0C414499FB4A}.Release|x86.ActiveCfg = Release|Any CPU
		{7279C42E-F5CB-4833-82DB-0C414499FB4A}.Release|x86.Build.0 = Release|Any CPU
	EndGlobalSection
	GlobalSection(SolutionProperties) = preSolution
		HideSolutionNode = FALSE
	EndGlobalSection
	GlobalSection(ExtensibilityGlobals) = postSolution
		SolutionGuid = {48798286-5C51-4DF6-B253-38C80DBAD4F7}
	EndGlobalSection
EndGlobal
